
Microsoft Visual Studio Solution File, Format Version 12.00
# Visual Studio Version 16
VisualStudioVersion = 16.0.29020.237
MinimumVisualStudioVersion = 10.0.40219.1
Project("{FAE04EC0-301F-11D3-BF4B-00C04F79EFBC}") = "MC-132RTR", "MC-132RTR\MC-132RTR.csproj", "{D5359665-F9F1-46E9-B933-9FE24247032B}"
EndProject
Project("{FAE04EC0-301F-11D3-BF4B-00C04F79EFBC}") = "MC-132RTRTests3", "MC-132RTRTests3\MC-132RTRTests3.csproj", "{67C53416-1B07-4ADF-AB27-A5A776AD97F4}"
EndProject
Global
	GlobalSection(SolutionConfigurationPlatforms) = preSolution
		Debug|Any CPU = Debug|Any CPU
		Release|Any CPU = Release|Any CPU
	EndGlobalSection
	GlobalSection(ProjectConfigurationPlatforms) = postSolution
		{D5359665-F9F1-46E9-B933-9FE24247032B}.Debug|Any CPU.ActiveCfg = Debug|Any CPU
		{D5359665-F9F1-46E9-B933-9FE24247032B}.Debug|Any CPU.Build.0 = Debug|Any CPU
		{D5359665-F9F1-46E9-B933-9FE24247032B}.Release|Any CPU.ActiveCfg = Release|Any CPU
		{D5359665-F9F1-46E9-B933-9FE24247032B}.Release|Any CPU.Build.0 = Release|Any CPU
		{67C53416-1B07-4ADF-AB27-A5A776AD97F4}.Debug|Any CPU.ActiveCfg = Debug|Any CPU
		{67C53416-1B07-4ADF-AB27-A5A776AD97F4}.Debug|Any CPU.Build.0 = Debug|Any CPU
		{67C53416-1B07-4ADF-AB27-A5A776AD97F4}.Release|Any CPU.ActiveCfg = Release|Any CPU
		{67C53416-1B07-4ADF-AB27-A5A776AD97F4}.Release|Any CPU.Build.0 = Release|Any CPU
	EndGlobalSection
	GlobalSection(SolutionProperties) = preSolution
		HideSolutionNode = FALSE
	EndGlobalSection
	GlobalSection(ExtensibilityGlobals) = postSolution
		SolutionGuid = {EBC820FE-8B92-4E53-A7AA-9099B867036D}
	EndGlobalSection
EndGlobal
